
Microsoft Visual Studio Solution File, Format Version 12.00
# Visual Studio Version 16
VisualStudioVersion = 16.0.30611.23
MinimumVisualStudioVersion = 10.0.40219.1
Project("{FAE04EC0-301F-11D3-BF4B-00C04F79EFBC}") = "Br.Validators", "Br.Validators\Br.Validators.csproj", "{BE71D26F-5061-4334-B201-773F883918C4}"
EndProject
Global
	GlobalSection(SolutionConfigurationPlatforms) = preSolution
		Debug|Any CPU = Debug|Any CPU
		Release|Any CPU = Release|Any CPU
	EndGlobalSection
	GlobalSection(ProjectConfigurationPlatforms) = postSolution
		{BE71D26F-5061-4334-B201-773F883918C4}.Debug|Any CPU.ActiveCfg = Debug|Any CPU
		{BE71D26F-5061-4334-B201-773F883918C4}.Debug|Any CPU.Build.0 = Debug|Any CPU
		{BE71D26F-5061-4334-B201-773F883918C4}.Release|Any CPU.ActiveCfg = Release|Any CPU
		{BE71D26F-5061-4334-B201-773F883918C4}.Release|Any CPU.Build.0 = Release|Any CPU
	EndGlobalSection
	GlobalSection(SolutionProperties) = preSolution
		HideSolutionNode = FALSE
	EndGlobalSection
	GlobalSection(ExtensibilityGlobals) = postSolution
		SolutionGuid = {8EDAED52-5B6E-4E33-8571-DCC36EB9B599}
	EndGlobalSection
EndGlobal
